
Microsoft Visual Studio Solution File, Format Version 12.00
# Visual Studio Version 17
VisualStudioVersion = 17.13.35919.96 d17.13
MinimumVisualStudioVersion = 10.0.40219.1
Project("{8BC9CEB8-8B4A-11D0-8D11-00A0C91BC942}") = "Project5", "Project5.vcxproj", "{E920ABC3-10C5-4543-A2C7-7D27760859CD}"
EndProject
Global
	GlobalSection(SolutionConfigurationPlatforms) = preSolution
		Debug|x64 = Debug|x64
		Debug|x86 = Debug|x86
		Release|x64 = Release|x64
		Release|x86 = Release|x86
	EndGlobalSection
	GlobalSection(ProjectConfigurationPlatforms) = postSolution
		{E920ABC3-10C5-4543-A2C7-7D27760859CD}.Debug|x64.ActiveCfg = Debug|x64
		{E920ABC3-10C5-4543-A2C7-7D27760859CD}.Debug|x64.Build.0 = Debug|x64
		{E920ABC3-10C5-4543-A2C7-7D27760859CD}.Debug|x86.ActiveCfg = Debug|Win32
		{E920ABC3-10C5-4543-A2C7-7D27760859CD}.Debug|x86.Build.0 = Debug|Win32
		{E920ABC3-10C5-4543-A2C7-7D27760859CD}.Release|x64.ActiveCfg = Release|x64
		{E920ABC3-10C5-4543-A2C7-7D27760859CD}.Release|x64.Build.0 = Release|x64
		{E920ABC3-10C5-4543-A2C7-7D27760859CD}.Release|x86.ActiveCfg = Release|Win32
		{E920ABC3-10C5-4543-A2C7-7D27760859CD}.Release|x86.Build.0 = Release|Win32
	EndGlobalSection
	GlobalSection(SolutionProperties) = preSolution
		HideSolutionNode = FALSE
	EndGlobalSection
	GlobalSection(ExtensibilityGlobals) = postSolution
		SolutionGuid = {0F7822E8-5EBF-40E3-858E-C5FE75DBDD5E}
	EndGlobalSection
EndGlobal
